
Microsoft Visual Studio Solution File, Format Version 12.00
# Visual Studio Version 17
VisualStudioVersion = 17.12.35527.113
MinimumVisualStudioVersion = 10.0.40219.1
Project("{FAE04EC0-301F-11D3-BF4B-00C04F79EFBC}") = "EMPMANAGE", "EMPMANAGE\EMPMANAGE.csproj", "{E5BC2696-1EC4-496C-9FAA-430EA7222489}"
EndProject
Project("{FAE04EC0-301F-11D3-BF4B-00C04F79EFBC}") = "EMPMANAGE.Application", "EMPMANAGE.Application\EMPMANAGE.Application.csproj", "{30CE02F9-EBA0-4009-AEB2-4C2C0BFAE5A2}"
EndProject
Project("{FAE04EC0-301F-11D3-BF4B-00C04F79EFBC}") = "EMPMANAGE.Domain", "EMPMANAGE.Domain\EMPMANAGE.Domain.csproj", "{1A3C8CC5-8431-4EB5-80D0-02CDA1559BA1}"
EndProject
Project("{FAE04EC0-301F-11D3-BF4B-00C04F79EFBC}") = "EMPMANAGE.Database", "EMPMANAGE.Database\EMPMANAGE.Database.csproj", "{4731DF0A-59D9-457E-853A-B2DAE75083EC}"
EndProject
Global
	GlobalSection(SolutionConfigurationPlatforms) = preSolution
		Debug|Any CPU = Debug|Any CPU
		Release|Any CPU = Release|Any CPU
	EndGlobalSection
	GlobalSection(ProjectConfigurationPlatforms) = postSolution
		{E5BC2696-1EC4-496C-9FAA-430EA7222489}.Debug|Any CPU.ActiveCfg = Debug|Any CPU
		{E5BC2696-1EC4-496C-9FAA-430EA7222489}.Debug|Any CPU.Build.0 = Debug|Any CPU
		{E5BC2696-1EC4-496C-9FAA-430EA7222489}.Release|Any CPU.ActiveCfg = Release|Any CPU
		{E5BC2696-1EC4-496C-9FAA-430EA7222489}.Release|Any CPU.Build.0 = Release|Any CPU
		{30CE02F9-EBA0-4009-AEB2-4C2C0BFAE5A2}.Debug|Any CPU.ActiveCfg = Debug|Any CPU
		{30CE02F9-EBA0-4009-AEB2-4C2C0BFAE5A2}.Debug|Any CPU.Build.0 = Debug|Any CPU
		{30CE02F9-EBA0-4009-AEB2-4C2C0BFAE5A2}.Release|Any CPU.ActiveCfg = Release|Any CPU
		{30CE02F9-EBA0-4009-AEB2-4C2C0BFAE5A2}.Release|Any CPU.Build.0 = Release|Any CPU
		{1A3C8CC5-8431-4EB5-80D0-02CDA1559BA1}.Debug|Any CPU.ActiveCfg = Debug|Any CPU
		{1A3C8CC5-8431-4EB5-80D0-02CDA1559BA1}.Debug|Any CPU.Build.0 = Debug|Any CPU
		{1A3C8CC5-8431-4EB5-80D0-02CDA1559BA1}.Release|Any CPU.ActiveCfg = Release|Any CPU
		{1A3C8CC5-8431-4EB5-80D0-02CDA1559BA1}.Release|Any CPU.Build.0 = Release|Any CPU
		{4731DF0A-59D9-457E-853A-B2DAE75083EC}.Debug|Any CPU.ActiveCfg = Debug|Any CPU
		{4731DF0A-59D9-457E-853A-B2DAE75083EC}.Debug|Any CPU.Build.0 = Debug|Any CPU
		{4731DF0A-59D9-457E-853A-B2DAE75083EC}.Release|Any CPU.ActiveCfg = Release|Any CPU
		{4731DF0A-59D9-457E-853A-B2DAE75083EC}.Release|Any CPU.Build.0 = Release|Any CPU
	EndGlobalSection
	GlobalSection(SolutionProperties) = preSolution
		HideSolutionNode = FALSE
	EndGlobalSection
EndGlobal
